
Microsoft Visual Studio Solution File, Format Version 12.00
# Visual Studio Version 16
VisualStudioVersion = 16.0.29102.190
MinimumVisualStudioVersion = 10.0.40219.1
Project("{9A19103F-16F7-4668-BE54-9A1E7A4F7556}") = "JacksOrBetter", "JacksOrBetter\JacksOrBetter.csproj", "{9DD8BC2E-C163-4918-A636-6D2CF9D1AA0E}"
EndProject
Project("{9A19103F-16F7-4668-BE54-9A1E7A4F7556}") = "Library", "Library\Library.csproj", "{08281BC9-0516-42C8-9546-EADAD6E3DE77}"
EndProject
Project("{FAE04EC0-301F-11D3-BF4B-00C04F79EFBC}") = "Test", "Test\Test.csproj", "{E074F51F-7507-4B1C-830E-0F54F8E2289C}"
EndProject
Global
	GlobalSection(SolutionConfigurationPlatforms) = preSolution
		Debug|Any CPU = Debug|Any CPU
		Release|Any CPU = Release|Any CPU
	EndGlobalSection
	GlobalSection(ProjectConfigurationPlatforms) = postSolution
		{9DD8BC2E-C163-4918-A636-6D2CF9D1AA0E}.Debug|Any CPU.ActiveCfg = Debug|Any CPU
		{9DD8BC2E-C163-4918-A636-6D2CF9D1AA0E}.Debug|Any CPU.Build.0 = Debug|Any CPU
		{9DD8BC2E-C163-4918-A636-6D2CF9D1AA0E}.Release|Any CPU.ActiveCfg = Release|Any CPU
		{9DD8BC2E-C163-4918-A636-6D2CF9D1AA0E}.Release|Any CPU.Build.0 = Release|Any CPU
		{08281BC9-0516-42C8-9546-EADAD6E3DE77}.Debug|Any CPU.ActiveCfg = Debug|Any CPU
		{08281BC9-0516-42C8-9546-EADAD6E3DE77}.Debug|Any CPU.Build.0 = Debug|Any CPU
		{08281BC9-0516-42C8-9546-EADAD6E3DE77}.Release|Any CPU.ActiveCfg = Release|Any CPU
		{08281BC9-0516-42C8-9546-EADAD6E3DE77}.Release|Any CPU.Build.0 = Release|Any CPU
		{E074F51F-7507-4B1C-830E-0F54F8E2289C}.Debug|Any CPU.ActiveCfg = Debug|Any CPU
		{E074F51F-7507-4B1C-830E-0F54F8E2289C}.Debug|Any CPU.Build.0 = Debug|Any CPU
		{E074F51F-7507-4B1C-830E-0F54F8E2289C}.Release|Any CPU.ActiveCfg = Release|Any CPU
		{E074F51F-7507-4B1C-830E-0F54F8E2289C}.Release|Any CPU.Build.0 = Release|Any CPU
	EndGlobalSection
	GlobalSection(SolutionProperties) = preSolution
		HideSolutionNode = FALSE
	EndGlobalSection
	GlobalSection(ExtensibilityGlobals) = postSolution
		SolutionGuid = {2669F5D7-7921-4C5E-B6C0-3AF9325CE0E4}
	EndGlobalSection
EndGlobal
